
Microsoft Visual Studio Solution File, Format Version 12.00
# Visual Studio Version 17
VisualStudioVersion = 17.3.32825.248
MinimumVisualStudioVersion = 10.0.40219.1
Project("{FAE04EC0-301F-11D3-BF4B-00C04F79EFBC}") = "laba3.1", "laba3.1.csproj", "{E530206B-355F-4882-87D8-8D2F27B9F782}"
EndProject
Project("{FAE04EC0-301F-11D3-BF4B-00C04F79EFBC}") = "WinFormsApp3", "..\WinFormsApp3\WinFormsApp3.csproj", "{C0199E1A-34F6-451B-8CA6-3F0938C83314}"
EndProject
Global
	GlobalSection(SolutionConfigurationPlatforms) = preSolution
		Debug|Any CPU = Debug|Any CPU
		Release|Any CPU = Release|Any CPU
	EndGlobalSection
	GlobalSection(ProjectConfigurationPlatforms) = postSolution
		{E530206B-355F-4882-87D8-8D2F27B9F782}.Debug|Any CPU.ActiveCfg = Debug|Any CPU
		{E530206B-355F-4882-87D8-8D2F27B9F782}.Debug|Any CPU.Build.0 = Debug|Any CPU
		{E530206B-355F-4882-87D8-8D2F27B9F782}.Release|Any CPU.ActiveCfg = Release|Any CPU
		{E530206B-355F-4882-87D8-8D2F27B9F782}.Release|Any CPU.Build.0 = Release|Any CPU
		{C0199E1A-34F6-451B-8CA6-3F0938C83314}.Debug|Any CPU.ActiveCfg = Debug|Any CPU
		{C0199E1A-34F6-451B-8CA6-3F0938C83314}.Debug|Any CPU.Build.0 = Debug|Any CPU
		{C0199E1A-34F6-451B-8CA6-3F0938C83314}.Release|Any CPU.ActiveCfg = Release|Any CPU
		{C0199E1A-34F6-451B-8CA6-3F0938C83314}.Release|Any CPU.Build.0 = Release|Any CPU
	EndGlobalSection
	GlobalSection(SolutionProperties) = preSolution
		HideSolutionNode = FALSE
	EndGlobalSection
	GlobalSection(ExtensibilityGlobals) = postSolution
		SolutionGuid = {5AB71594-D526-4063-9D98-8DC0F7CA5EFA}
	EndGlobalSection
EndGlobal
